
Microsoft Visual Studio Solution File, Format Version 12.00
# Visual Studio Version 17
VisualStudioVersion = 17.4.33110.190
MinimumVisualStudioVersion = 10.0.40219.1
Project("{FAE04EC0-301F-11D3-BF4B-00C04F79EFBC}") = "brottsregister1", "brottsregister1\brottsregister1.csproj", "{D074B4EA-B4F3-425D-89E4-EB9516E27E7F}"
EndProject
Global
	GlobalSection(SolutionConfigurationPlatforms) = preSolution
		Debug|Any CPU = Debug|Any CPU
		Release|Any CPU = Release|Any CPU
	EndGlobalSection
	GlobalSection(ProjectConfigurationPlatforms) = postSolution
		{D074B4EA-B4F3-425D-89E4-EB9516E27E7F}.Debug|Any CPU.ActiveCfg = Debug|Any CPU
		{D074B4EA-B4F3-425D-89E4-EB9516E27E7F}.Debug|Any CPU.Build.0 = Debug|Any CPU
		{D074B4EA-B4F3-425D-89E4-EB9516E27E7F}.Release|Any CPU.ActiveCfg = Release|Any CPU
		{D074B4EA-B4F3-425D-89E4-EB9516E27E7F}.Release|Any CPU.Build.0 = Release|Any CPU
	EndGlobalSection
	GlobalSection(SolutionProperties) = preSolution
		HideSolutionNode = FALSE
	EndGlobalSection
	GlobalSection(ExtensibilityGlobals) = postSolution
		SolutionGuid = {73A35984-DE6C-4040-9209-785B6A0138BB}
	EndGlobalSection
EndGlobal
